
Microsoft Visual Studio Solution File, Format Version 12.00
# Visual Studio Version 17
VisualStudioVersion = 17.6.33829.357
MinimumVisualStudioVersion = 10.0.40219.1
Project("{FAE04EC0-301F-11D3-BF4B-00C04F79EFBC}") = "Csharp_giaiptbac2", "Csharp_giaiptbac2.csproj", "{D8BCA875-7233-440B-B717-93D846FE3EFF}"
EndProject
Global
	GlobalSection(SolutionConfigurationPlatforms) = preSolution
		Debug|Any CPU = Debug|Any CPU
		Release|Any CPU = Release|Any CPU
	EndGlobalSection
	GlobalSection(ProjectConfigurationPlatforms) = postSolution
		{D8BCA875-7233-440B-B717-93D846FE3EFF}.Debug|Any CPU.ActiveCfg = Debug|Any CPU
		{D8BCA875-7233-440B-B717-93D846FE3EFF}.Debug|Any CPU.Build.0 = Debug|Any CPU
		{D8BCA875-7233-440B-B717-93D846FE3EFF}.Release|Any CPU.ActiveCfg = Release|Any CPU
		{D8BCA875-7233-440B-B717-93D846FE3EFF}.Release|Any CPU.Build.0 = Release|Any CPU
	EndGlobalSection
	GlobalSection(SolutionProperties) = preSolution
		HideSolutionNode = FALSE
	EndGlobalSection
	GlobalSection(ExtensibilityGlobals) = postSolution
		SolutionGuid = {76613B91-2162-405A-82B8-D86E08181BD7}
	EndGlobalSection
EndGlobal
